
Microsoft Visual Studio Solution File, Format Version 12.00
# Visual Studio Version 16
VisualStudioVersion = 16.0.29215.179
MinimumVisualStudioVersion = 10.0.40219.1
Project("{9A19103F-16F7-4668-BE54-9A1E7A4F7556}") = "Topshelf.Ninject", "Source\Topshelf.Ninject\Topshelf.Ninject.csproj", "{F26B9EC4-13CF-4093-BD1F-65F9538FD68A}"
EndProject
Project("{9A19103F-16F7-4668-BE54-9A1E7A4F7556}") = "Topshelf.Quartz", "Source\Topshelf.Quartz\Topshelf.Quartz.csproj", "{E1751F00-1C7E-45BA-942E-A014F9958E16}"
EndProject
Project("{9A19103F-16F7-4668-BE54-9A1E7A4F7556}") = "Topshelf.Ninject.Tests", "Source\Topshelf.Ninject.Tests\Topshelf.Ninject.Tests.csproj", "{0353203F-FC7A-4AF5-BAC5-5C56D5A7365D}"
EndProject
Project("{2150E333-8FDC-42A3-9474-1A3956D46DE8}") = "Tests", "Tests", "{CB85E731-D4B1-4140-AAA9-D2CA6EAA583C}"
EndProject
Project("{9A19103F-16F7-4668-BE54-9A1E7A4F7556}") = "Topshelf.Quartz.Tests", "Source\Topshelf.Quartz.Tests\Topshelf.Quartz.Tests.csproj", "{940FD1EA-259A-4321-A7BB-FA8E7EF7A98D}"
EndProject
Project("{9A19103F-16F7-4668-BE54-9A1E7A4F7556}") = "Topshelf.Common.Tests", "Source\Topshelf.Common.Tests\Topshelf.Common.Tests.csproj", "{F53211B8-B880-49A4-B1CB-655416994C2D}"
EndProject
Project("{9A19103F-16F7-4668-BE54-9A1E7A4F7556}") = "Topshelf.Quartz.Ninject.Tests", "Source\Topshelf.Quartz.Ninject.Tests\Topshelf.Quartz.Ninject.Tests.csproj", "{EC6B1464-2400-4456-B17E-50AF1AE2E155}"
EndProject
Project("{9A19103F-16F7-4668-BE54-9A1E7A4F7556}") = "Topshelf.Quartz.Ninject", "Source\Topshelf.Quartz.Ninject\Topshelf.Quartz.Ninject.csproj", "{CAE8542B-816F-4324-96C1-626BF01A9E60}"
EndProject
Project("{9A19103F-16F7-4668-BE54-9A1E7A4F7556}") = "Topshelf.Quartz.Extensions.Tests", "Source\Topshelf.Quartz.Extensions.Tests\Topshelf.Quartz.Extensions.Tests.csproj", "{F9ED7FF4-A7BB-4FCD-9056-DB8CD90DCBAC}"
EndProject
Project("{9A19103F-16F7-4668-BE54-9A1E7A4F7556}") = "Topshelf.Quartz.Extensions", "Source\Topshelf.Quartz.Extensions\Topshelf.Quartz.Extensions.csproj", "{F93A83E4-9555-4894-9278-32FDE1FAF843}"
EndProject
Global
	GlobalSection(SolutionConfigurationPlatforms) = preSolution
		Debug|Any CPU = Debug|Any CPU
		Release|Any CPU = Release|Any CPU
	EndGlobalSection
	GlobalSection(ProjectConfigurationPlatforms) = postSolution
		{F26B9EC4-13CF-4093-BD1F-65F9538FD68A}.Debug|Any CPU.ActiveCfg = Release|Any CPU
		{F26B9EC4-13CF-4093-BD1F-65F9538FD68A}.Debug|Any CPU.Build.0 = Release|Any CPU
		{F26B9EC4-13CF-4093-BD1F-65F9538FD68A}.Release|Any CPU.ActiveCfg = Release|Any CPU
		{F26B9EC4-13CF-4093-BD1F-65F9538FD68A}.Release|Any CPU.Build.0 = Release|Any CPU
		{E1751F00-1C7E-45BA-942E-A014F9958E16}.Debug|Any CPU.ActiveCfg = Release|Any CPU
		{E1751F00-1C7E-45BA-942E-A014F9958E16}.Debug|Any CPU.Build.0 = Release|Any CPU
		{E1751F00-1C7E-45BA-942E-A014F9958E16}.Release|Any CPU.ActiveCfg = Release|Any CPU
		{E1751F00-1C7E-45BA-942E-A014F9958E16}.Release|Any CPU.Build.0 = Release|Any CPU
		{0353203F-FC7A-4AF5-BAC5-5C56D5A7365D}.Debug|Any CPU.ActiveCfg = Debug|Any CPU
		{0353203F-FC7A-4AF5-BAC5-5C56D5A7365D}.Debug|Any CPU.Build.0 = Debug|Any CPU
		{0353203F-FC7A-4AF5-BAC5-5C56D5A7365D}.Release|Any CPU.ActiveCfg = Release|Any CPU
		{0353203F-FC7A-4AF5-BAC5-5C56D5A7365D}.Release|Any CPU.Build.0 = Release|Any CPU
		{940FD1EA-259A-4321-A7BB-FA8E7EF7A98D}.Debug|Any CPU.ActiveCfg = Debug|Any CPU
		{940FD1EA-259A-4321-A7BB-FA8E7EF7A98D}.Debug|Any CPU.Build.0 = Debug|Any CPU
		{940FD1EA-259A-4321-A7BB-FA8E7EF7A98D}.Release|Any CPU.ActiveCfg = Release|Any CPU
		{940FD1EA-259A-4321-A7BB-FA8E7EF7A98D}.Release|Any CPU.Build.0 = Release|Any CPU
		{F53211B8-B880-49A4-B1CB-655416994C2D}.Debug|Any CPU.ActiveCfg = Debug|Any CPU
		{F53211B8-B880-49A4-B1CB-655416994C2D}.Debug|Any CPU.Build.0 = Debug|Any CPU
		{F53211B8-B880-49A4-B1CB-655416994C2D}.Release|Any CPU.ActiveCfg = Release|Any CPU
		{F53211B8-B880-49A4-B1CB-655416994C2D}.Release|Any CPU.Build.0 = Release|Any CPU
		{EC6B1464-2400-4456-B17E-50AF1AE2E155}.Debug|Any CPU.ActiveCfg = Debug|Any CPU
		{EC6B1464-2400-4456-B17E-50AF1AE2E155}.Debug|Any CPU.Build.0 = Debug|Any CPU
		{EC6B1464-2400-4456-B17E-50AF1AE2E155}.Release|Any CPU.ActiveCfg = Release|Any CPU
		{EC6B1464-2400-4456-B17E-50AF1AE2E155}.Release|Any CPU.Build.0 = Release|Any CPU
		{CAE8542B-816F-4324-96C1-626BF01A9E60}.Debug|Any CPU.ActiveCfg = Debug|Any CPU
		{CAE8542B-816F-4324-96C1-626BF01A9E60}.Debug|Any CPU.Build.0 = Debug|Any CPU
		{CAE8542B-816F-4324-96C1-626BF01A9E60}.Release|Any CPU.ActiveCfg = Release|Any CPU
		{CAE8542B-816F-4324-96C1-626BF01A9E60}.Release|Any CPU.Build.0 = Release|Any CPU
		{F9ED7FF4-A7BB-4FCD-9056-DB8CD90DCBAC}.Debug|Any CPU.ActiveCfg = Debug|Any CPU
		{F9ED7FF4-A7BB-4FCD-9056-DB8CD90DCBAC}.Debug|Any CPU.Build.0 = Debug|Any CPU
		{F9ED7FF4-A7BB-4FCD-9056-DB8CD90DCBAC}.Release|Any CPU.ActiveCfg = Release|Any CPU
		{F9ED7FF4-A7BB-4FCD-9056-DB8CD90DCBAC}.Release|Any CPU.Build.0 = Release|Any CPU
		{F93A83E4-9555-4894-9278-32FDE1FAF843}.Debug|Any CPU.ActiveCfg = Debug|Any CPU
		{F93A83E4-9555-4894-9278-32FDE1FAF843}.Debug|Any CPU.Build.0 = Debug|Any CPU
		{F93A83E4-9555-4894-9278-32FDE1FAF843}.Release|Any CPU.ActiveCfg = Release|Any CPU
		{F93A83E4-9555-4894-9278-32FDE1FAF843}.Release|Any CPU.Build.0 = Release|Any CPU
	EndGlobalSection
	GlobalSection(SolutionProperties) = preSolution
		HideSolutionNode = FALSE
	EndGlobalSection
	GlobalSection(NestedProjects) = preSolution
		{0353203F-FC7A-4AF5-BAC5-5C56D5A7365D} = {CB85E731-D4B1-4140-AAA9-D2CA6EAA583C}
		{940FD1EA-259A-4321-A7BB-FA8E7EF7A98D} = {CB85E731-D4B1-4140-AAA9-D2CA6EAA583C}
		{F53211B8-B880-49A4-B1CB-655416994C2D} = {CB85E731-D4B1-4140-AAA9-D2CA6EAA583C}
		{EC6B1464-2400-4456-B17E-50AF1AE2E155} = {CB85E731-D4B1-4140-AAA9-D2CA6EAA583C}
		{F9ED7FF4-A7BB-4FCD-9056-DB8CD90DCBAC} = {CB85E731-D4B1-4140-AAA9-D2CA6EAA583C}
	EndGlobalSection
	GlobalSection(ExtensibilityGlobals) = postSolution
		SolutionGuid = {E8E4528B-6AD2-4869-84E0-BBC65D5DDA26}
	EndGlobalSection
EndGlobal
