
Microsoft Visual Studio Solution File, Format Version 12.00
# Visual Studio Version 16
VisualStudioVersion = 16.0.29215.179
MinimumVisualStudioVersion = 10.0.40219.1
Project("{FAE04EC0-301F-11D3-BF4B-00C04F79EFBC}") = "Topshelf.Ninject", "Source\Topshelf.Ninject\Topshelf.Ninject.csproj", "{F26B9EC4-13CF-4093-BD1F-65F9538FD68A}"
EndProject
Project("{FAE04EC0-301F-11D3-BF4B-00C04F79EFBC}") = "Topshelf.Quartz", "Source\Topshelf.Quartz\Topshelf.Quartz.csproj", "{E1751F00-1C7E-45BA-942E-A014F9958E16}"
EndProject
Project("{2150E333-8FDC-42A3-9474-1A3956D46DE8}") = "Samples", "Samples", "{1964C84C-7159-4FEE-88EA-BEE1C45FF32A}"
EndProject
Project("{FAE04EC0-301F-11D3-BF4B-00C04F79EFBC}") = "Sample.Topshelf.Ninject", "Samples\Sample.Topshelf.Ninject\Sample.Topshelf.Ninject.csproj", "{A28B39FE-5B44-4065-98A8-76F8AAB4A719}"
EndProject
Project("{FAE04EC0-301F-11D3-BF4B-00C04F79EFBC}") = "Sample.Topshelf.Quartz.BackgroundJobs", "Samples\Sample.Topshelf.Quartz.BackgroundJobs\Sample.Topshelf.Quartz.BackgroundJobs.csproj", "{A2252EE8-D2D9-4F81-B1C6-A7E2D03EF314}"
EndProject
Project("{FAE04EC0-301F-11D3-BF4B-00C04F79EFBC}") = "Topshelf.Ninject.Tests", "Source\Topshelf.Ninject.Tests\Topshelf.Ninject.Tests.csproj", "{0353203F-FC7A-4AF5-BAC5-5C56D5A7365D}"
EndProject
Project("{2150E333-8FDC-42A3-9474-1A3956D46DE8}") = "Tests", "Tests", "{CB85E731-D4B1-4140-AAA9-D2CA6EAA583C}"
EndProject
Project("{FAE04EC0-301F-11D3-BF4B-00C04F79EFBC}") = "Topshelf.Quartz.Tests", "Source\Topshelf.Quartz.Tests\Topshelf.Quartz.Tests.csproj", "{940FD1EA-259A-4321-A7BB-FA8E7EF7A98D}"
EndProject
Project("{FAE04EC0-301F-11D3-BF4B-00C04F79EFBC}") = "Topshelf.Common.Tests", "Source\Topshelf.Common.Tests\Topshelf.Common.Tests.csproj", "{F53211B8-B880-49A4-B1CB-655416994C2D}"
EndProject
Project("{FAE04EC0-301F-11D3-BF4B-00C04F79EFBC}") = "Topshelf.Quartz.Ninject.Tests", "Source\Topshelf.Quartz.Ninject.Tests\Topshelf.Quartz.Ninject.Tests.csproj", "{EC6B1464-2400-4456-B17E-50AF1AE2E155}"
EndProject
Project("{FAE04EC0-301F-11D3-BF4B-00C04F79EFBC}") = "Topshelf.Quartz.Ninject", "Source\Topshelf.Quartz.Ninject\Topshelf.Quartz.Ninject.csproj", "{CAE8542B-816F-4324-96C1-626BF01A9E60}"
EndProject
Global
	GlobalSection(SolutionConfigurationPlatforms) = preSolution
		Debug|Any CPU = Debug|Any CPU
		Release 3.5|Any CPU = Release 3.5|Any CPU
		Release 4.0|Any CPU = Release 4.0|Any CPU
		Release 4.5|Any CPU = Release 4.5|Any CPU
		Release|Any CPU = Release|Any CPU
	EndGlobalSection
	GlobalSection(ProjectConfigurationPlatforms) = postSolution
		{F26B9EC4-13CF-4093-BD1F-65F9538FD68A}.Debug|Any CPU.ActiveCfg = Release|Any CPU
		{F26B9EC4-13CF-4093-BD1F-65F9538FD68A}.Debug|Any CPU.Build.0 = Release|Any CPU
		{F26B9EC4-13CF-4093-BD1F-65F9538FD68A}.Release 3.5|Any CPU.ActiveCfg = Release 3.5|Any CPU
		{F26B9EC4-13CF-4093-BD1F-65F9538FD68A}.Release 3.5|Any CPU.Build.0 = Release 3.5|Any CPU
		{F26B9EC4-13CF-4093-BD1F-65F9538FD68A}.Release 4.0|Any CPU.ActiveCfg = Release 4.0|Any CPU
		{F26B9EC4-13CF-4093-BD1F-65F9538FD68A}.Release 4.0|Any CPU.Build.0 = Release 4.0|Any CPU
		{F26B9EC4-13CF-4093-BD1F-65F9538FD68A}.Release 4.5|Any CPU.ActiveCfg = Release 4.5|Any CPU
		{F26B9EC4-13CF-4093-BD1F-65F9538FD68A}.Release 4.5|Any CPU.Build.0 = Release 4.5|Any CPU
		{F26B9EC4-13CF-4093-BD1F-65F9538FD68A}.Release|Any CPU.ActiveCfg = Release|Any CPU
		{F26B9EC4-13CF-4093-BD1F-65F9538FD68A}.Release|Any CPU.Build.0 = Release|Any CPU
		{E1751F00-1C7E-45BA-942E-A014F9958E16}.Debug|Any CPU.ActiveCfg = Release|Any CPU
		{E1751F00-1C7E-45BA-942E-A014F9958E16}.Debug|Any CPU.Build.0 = Release|Any CPU
		{E1751F00-1C7E-45BA-942E-A014F9958E16}.Release 3.5|Any CPU.ActiveCfg = Release 3.5|Any CPU
		{E1751F00-1C7E-45BA-942E-A014F9958E16}.Release 3.5|Any CPU.Build.0 = Release 3.5|Any CPU
		{E1751F00-1C7E-45BA-942E-A014F9958E16}.Release 4.0|Any CPU.ActiveCfg = Release 4.0|Any CPU
		{E1751F00-1C7E-45BA-942E-A014F9958E16}.Release 4.0|Any CPU.Build.0 = Release 4.0|Any CPU
		{E1751F00-1C7E-45BA-942E-A014F9958E16}.Release 4.5|Any CPU.ActiveCfg = Release 4.5|Any CPU
		{E1751F00-1C7E-45BA-942E-A014F9958E16}.Release 4.5|Any CPU.Build.0 = Release 4.5|Any CPU
		{E1751F00-1C7E-45BA-942E-A014F9958E16}.Release|Any CPU.ActiveCfg = Release|Any CPU
		{E1751F00-1C7E-45BA-942E-A014F9958E16}.Release|Any CPU.Build.0 = Release|Any CPU
		{A28B39FE-5B44-4065-98A8-76F8AAB4A719}.Debug|Any CPU.ActiveCfg = Release|Any CPU
		{A28B39FE-5B44-4065-98A8-76F8AAB4A719}.Debug|Any CPU.Build.0 = Release|Any CPU
		{A28B39FE-5B44-4065-98A8-76F8AAB4A719}.Release 3.5|Any CPU.ActiveCfg = Release|Any CPU
		{A28B39FE-5B44-4065-98A8-76F8AAB4A719}.Release 4.0|Any CPU.ActiveCfg = Release|Any CPU
		{A28B39FE-5B44-4065-98A8-76F8AAB4A719}.Release 4.5|Any CPU.ActiveCfg = Release|Any CPU
		{A28B39FE-5B44-4065-98A8-76F8AAB4A719}.Release|Any CPU.ActiveCfg = Release|Any CPU
		{A28B39FE-5B44-4065-98A8-76F8AAB4A719}.Release|Any CPU.Build.0 = Release|Any CPU
		{A2252EE8-D2D9-4F81-B1C6-A7E2D03EF314}.Debug|Any CPU.ActiveCfg = Release|Any CPU
		{A2252EE8-D2D9-4F81-B1C6-A7E2D03EF314}.Debug|Any CPU.Build.0 = Release|Any CPU
		{A2252EE8-D2D9-4F81-B1C6-A7E2D03EF314}.Release 3.5|Any CPU.ActiveCfg = Release|Any CPU
		{A2252EE8-D2D9-4F81-B1C6-A7E2D03EF314}.Release 4.0|Any CPU.ActiveCfg = Release|Any CPU
		{A2252EE8-D2D9-4F81-B1C6-A7E2D03EF314}.Release 4.5|Any CPU.ActiveCfg = Release|Any CPU
		{A2252EE8-D2D9-4F81-B1C6-A7E2D03EF314}.Release|Any CPU.ActiveCfg = Release|Any CPU
		{A2252EE8-D2D9-4F81-B1C6-A7E2D03EF314}.Release|Any CPU.Build.0 = Release|Any CPU
		{0353203F-FC7A-4AF5-BAC5-5C56D5A7365D}.Debug|Any CPU.ActiveCfg = Debug|Any CPU
		{0353203F-FC7A-4AF5-BAC5-5C56D5A7365D}.Debug|Any CPU.Build.0 = Debug|Any CPU
		{0353203F-FC7A-4AF5-BAC5-5C56D5A7365D}.Release 3.5|Any CPU.ActiveCfg = Release|Any CPU
		{0353203F-FC7A-4AF5-BAC5-5C56D5A7365D}.Release 3.5|Any CPU.Build.0 = Release|Any CPU
		{0353203F-FC7A-4AF5-BAC5-5C56D5A7365D}.Release 4.0|Any CPU.ActiveCfg = Release|Any CPU
		{0353203F-FC7A-4AF5-BAC5-5C56D5A7365D}.Release 4.0|Any CPU.Build.0 = Release|Any CPU
		{0353203F-FC7A-4AF5-BAC5-5C56D5A7365D}.Release 4.5|Any CPU.ActiveCfg = Release|Any CPU
		{0353203F-FC7A-4AF5-BAC5-5C56D5A7365D}.Release 4.5|Any CPU.Build.0 = Release|Any CPU
		{0353203F-FC7A-4AF5-BAC5-5C56D5A7365D}.Release|Any CPU.ActiveCfg = Release|Any CPU
		{0353203F-FC7A-4AF5-BAC5-5C56D5A7365D}.Release|Any CPU.Build.0 = Release|Any CPU
		{940FD1EA-259A-4321-A7BB-FA8E7EF7A98D}.Debug|Any CPU.ActiveCfg = Debug|Any CPU
		{940FD1EA-259A-4321-A7BB-FA8E7EF7A98D}.Debug|Any CPU.Build.0 = Debug|Any CPU
		{940FD1EA-259A-4321-A7BB-FA8E7EF7A98D}.Release 3.5|Any CPU.ActiveCfg = Release|Any CPU
		{940FD1EA-259A-4321-A7BB-FA8E7EF7A98D}.Release 3.5|Any CPU.Build.0 = Release|Any CPU
		{940FD1EA-259A-4321-A7BB-FA8E7EF7A98D}.Release 4.0|Any CPU.ActiveCfg = Release|Any CPU
		{940FD1EA-259A-4321-A7BB-FA8E7EF7A98D}.Release 4.0|Any CPU.Build.0 = Release|Any CPU
		{940FD1EA-259A-4321-A7BB-FA8E7EF7A98D}.Release 4.5|Any CPU.ActiveCfg = Release|Any CPU
		{940FD1EA-259A-4321-A7BB-FA8E7EF7A98D}.Release 4.5|Any CPU.Build.0 = Release|Any CPU
		{940FD1EA-259A-4321-A7BB-FA8E7EF7A98D}.Release|Any CPU.ActiveCfg = Release|Any CPU
		{940FD1EA-259A-4321-A7BB-FA8E7EF7A98D}.Release|Any CPU.Build.0 = Release|Any CPU
		{F53211B8-B880-49A4-B1CB-655416994C2D}.Debug|Any CPU.ActiveCfg = Debug|Any CPU
		{F53211B8-B880-49A4-B1CB-655416994C2D}.Debug|Any CPU.Build.0 = Debug|Any CPU
		{F53211B8-B880-49A4-B1CB-655416994C2D}.Release 3.5|Any CPU.ActiveCfg = Release|Any CPU
		{F53211B8-B880-49A4-B1CB-655416994C2D}.Release 3.5|Any CPU.Build.0 = Release|Any CPU
		{F53211B8-B880-49A4-B1CB-655416994C2D}.Release 4.0|Any CPU.ActiveCfg = Release|Any CPU
		{F53211B8-B880-49A4-B1CB-655416994C2D}.Release 4.0|Any CPU.Build.0 = Release|Any CPU
		{F53211B8-B880-49A4-B1CB-655416994C2D}.Release 4.5|Any CPU.ActiveCfg = Release|Any CPU
		{F53211B8-B880-49A4-B1CB-655416994C2D}.Release 4.5|Any CPU.Build.0 = Release|Any CPU
		{F53211B8-B880-49A4-B1CB-655416994C2D}.Release|Any CPU.ActiveCfg = Release|Any CPU
		{F53211B8-B880-49A4-B1CB-655416994C2D}.Release|Any CPU.Build.0 = Release|Any CPU
		{EC6B1464-2400-4456-B17E-50AF1AE2E155}.Debug|Any CPU.ActiveCfg = Debug|Any CPU
		{EC6B1464-2400-4456-B17E-50AF1AE2E155}.Debug|Any CPU.Build.0 = Debug|Any CPU
		{EC6B1464-2400-4456-B17E-50AF1AE2E155}.Release 3.5|Any CPU.ActiveCfg = Release|Any CPU
		{EC6B1464-2400-4456-B17E-50AF1AE2E155}.Release 3.5|Any CPU.Build.0 = Release|Any CPU
		{EC6B1464-2400-4456-B17E-50AF1AE2E155}.Release 4.0|Any CPU.ActiveCfg = Release|Any CPU
		{EC6B1464-2400-4456-B17E-50AF1AE2E155}.Release 4.0|Any CPU.Build.0 = Release|Any CPU
		{EC6B1464-2400-4456-B17E-50AF1AE2E155}.Release 4.5|Any CPU.ActiveCfg = Release|Any CPU
		{EC6B1464-2400-4456-B17E-50AF1AE2E155}.Release 4.5|Any CPU.Build.0 = Release|Any CPU
		{EC6B1464-2400-4456-B17E-50AF1AE2E155}.Release|Any CPU.ActiveCfg = Release|Any CPU
		{EC6B1464-2400-4456-B17E-50AF1AE2E155}.Release|Any CPU.Build.0 = Release|Any CPU
		{CAE8542B-816F-4324-96C1-626BF01A9E60}.Debug|Any CPU.ActiveCfg = Debug|Any CPU
		{CAE8542B-816F-4324-96C1-626BF01A9E60}.Debug|Any CPU.Build.0 = Debug|Any CPU
		{CAE8542B-816F-4324-96C1-626BF01A9E60}.Release 3.5|Any CPU.ActiveCfg = Release 3.5|Any CPU
		{CAE8542B-816F-4324-96C1-626BF01A9E60}.Release 3.5|Any CPU.Build.0 = Release 3.5|Any CPU
		{CAE8542B-816F-4324-96C1-626BF01A9E60}.Release 4.0|Any CPU.ActiveCfg = Release 4.0|Any CPU
		{CAE8542B-816F-4324-96C1-626BF01A9E60}.Release 4.0|Any CPU.Build.0 = Release 4.0|Any CPU
		{CAE8542B-816F-4324-96C1-626BF01A9E60}.Release 4.5|Any CPU.ActiveCfg = Release 4.5|Any CPU
		{CAE8542B-816F-4324-96C1-626BF01A9E60}.Release 4.5|Any CPU.Build.0 = Release 4.5|Any CPU
		{CAE8542B-816F-4324-96C1-626BF01A9E60}.Release|Any CPU.ActiveCfg = Release|Any CPU
		{CAE8542B-816F-4324-96C1-626BF01A9E60}.Release|Any CPU.Build.0 = Release|Any CPU
	EndGlobalSection
	GlobalSection(SolutionProperties) = preSolution
		HideSolutionNode = FALSE
	EndGlobalSection
	GlobalSection(NestedProjects) = preSolution
		{A28B39FE-5B44-4065-98A8-76F8AAB4A719} = {1964C84C-7159-4FEE-88EA-BEE1C45FF32A}
		{A2252EE8-D2D9-4F81-B1C6-A7E2D03EF314} = {1964C84C-7159-4FEE-88EA-BEE1C45FF32A}
		{0353203F-FC7A-4AF5-BAC5-5C56D5A7365D} = {CB85E731-D4B1-4140-AAA9-D2CA6EAA583C}
		{940FD1EA-259A-4321-A7BB-FA8E7EF7A98D} = {CB85E731-D4B1-4140-AAA9-D2CA6EAA583C}
		{F53211B8-B880-49A4-B1CB-655416994C2D} = {CB85E731-D4B1-4140-AAA9-D2CA6EAA583C}
		{EC6B1464-2400-4456-B17E-50AF1AE2E155} = {CB85E731-D4B1-4140-AAA9-D2CA6EAA583C}
	EndGlobalSection
	GlobalSection(ExtensibilityGlobals) = postSolution
		SolutionGuid = {E8E4528B-6AD2-4869-84E0-BBC65D5DDA26}
	EndGlobalSection
EndGlobal
